// !$*UTF8*$!
{
	archiveVersion = 1;
	classes = {
	};
	objectVersion = 50;
	objects = {

/* Begin PBXBuildFile section */
		642911A52508C373000089DD /* AppDelegate.swift in Sources */ = {isa = PBXBuildFile; fileRef = 642911A42508C373000089DD /* AppDelegate.swift */; };
		642911A72508C373000089DD /* SceneDelegate.swift in Sources */ = {isa = PBXBuildFile; fileRef = 642911A62508C373000089DD /* SceneDelegate.swift */; };
		642911A92508C373000089DD /* ViewController.swift in Sources */ = {isa = PBXBuildFile; fileRef = 642911A82508C373000089DD /* ViewController.swift */; };
		642911AC2508C373000089DD /* Main.storyboard in Resources */ = {isa = PBXBuildFile; fileRef = 642911AA2508C373000089DD /* Main.storyboard */; };
		642911AE2508C374000089DD /* Assets.xcassets in Resources */ = {isa = PBXBuildFile; fileRef = 642911AD2508C374000089DD /* Assets.xcassets */; };
		642911B12508C374000089DD /* LaunchScreen.storyboard in Resources */ = {isa = PBXBuildFile; fileRef = 642911AF2508C374000089DD /* LaunchScreen.storyboard */; };
		642911B92508C96A000089DD /* VMMemoViewCell.swift in Sources */ = {isa = PBXBuildFile; fileRef = 642911B82508C96A000089DD /* VMMemoViewCell.swift */; };
		642911BB2508CA5B000089DD /* VMMemoModel.swift in Sources */ = {isa = PBXBuildFile; fileRef = 642911BA2508CA5B000089DD /* VMMemoModel.swift */; };
		642911BD2508D9D9000089DD /* VMRecorderManager.swift in Sources */ = {isa = PBXBuildFile; fileRef = 642911BC2508D9D9000089DD /* VMRecorderManager.swift */; };
		642911BF2508FD7F000089DD /* VMLevelPair.swift in Sources */ = {isa = PBXBuildFile; fileRef = 642911BE2508FD7F000089DD /* VMLevelPair.swift */; };
/* End PBXBuildFile section */

/* Begin PBXFileReference section */
		642911A12508C373000089DD /* VoiceMemo.app */ = {isa = PBXFileReference; explicitFileType = wrapper.application; includeInIndex = 0; path = VoiceMemo.app; sourceTree = BUILT_PRODUCTS_DIR; };
		642911A42508C373000089DD /* AppDelegate.swift */ = {isa = PBXFileReference; lastKnownFileType = sourcecode.swift; path = AppDelegate.swift; sourceTree = "<group>"; };
		642911A62508C373000089DD /* SceneDelegate.swift */ = {isa = PBXFileReference; lastKnownFileType = sourcecode.swift; path = SceneDelegate.swift; sourceTree = "<group>"; };
		642911A82508C373000089DD /* ViewController.swift */ = {isa = PBXFileReference; lastKnownFileType = sourcecode.swift; path = ViewController.swift; sourceTree = "<group>"; };
		642911AB2508C373000089DD /* Base */ = {isa = PBXFileReference; lastKnownFileType = file.storyboard; name = Base; path = Base.lproj/Main.storyboard; sourceTree = "<group>"; };
		642911AD2508C374000089DD /* Assets.xcassets */ = {isa = PBXFileReference; lastKnownFileType = folder.assetcatalog; path = Assets.xcassets; sourceTree = "<group>"; };
		642911B02508C374000089DD /* Base */ = {isa = PBXFileReference; lastKnownFileType = file.storyboard; name = Base; path = Base.lproj/LaunchScreen.storyboard; sourceTree = "<group>"; };
		642911B22508C374000089DD /* Info.plist */ = {isa = PBXFileReference; lastKnownFileType = text.plist.xml; path = Info.plist; sourceTree = "<group>"; };
		642911B82508C96A000089DD /* VMMemoViewCell.swift */ = {isa = PBXFileReference; lastKnownFileType = sourcecode.swift; path = VMMemoViewCell.swift; sourceTree = "<group>"; };
		642911BA2508CA5B000089DD /* VMMemoModel.swift */ = {isa = PBXFileReference; lastKnownFileType = sourcecode.swift; path = VMMemoModel.swift; sourceTree = "<group>"; };
		642911BC2508D9D9000089DD /* VMRecorderManager.swift */ = {isa = PBXFileReference; lastKnownFileType = sourcecode.swift; path = VMRecorderManager.swift; sourceTree = "<group>"; };
		642911BE2508FD7F000089DD /* VMLevelPair.swift */ = {isa = PBXFileReference; lastKnownFileType = sourcecode.swift; path = VMLevelPair.swift; sourceTree = "<group>"; };
/* End PBXFileReference section */

/* Begin PBXFrameworksBuildPhase section */
		6429119E2508C373000089DD /* Frameworks */ = {
			isa = PBXFrameworksBuildPhase;
			buildActionMask = 2147483647;
			files = (
			);
			runOnlyForDeploymentPostprocessing = 0;
		};
/* End PBXFrameworksBuildPhase section */

/* Begin PBXGroup section */
		642911982508C373000089DD = {
			isa = PBXGroup;
			children = (
				642911A32508C373000089DD /* VoiceMemo */,
				642911A22508C373000089DD /* Products */,
			);
			sourceTree = "<group>";
		};
		642911A22508C373000089DD /* Products */ = {
			isa = PBXGroup;
			children = (
				642911A12508C373000089DD /* VoiceMemo.app */,
			);
			name = Products;
			sourceTree = "<group>";
		};
		642911A32508C373000089DD /* VoiceMemo */ = {
			isa = PBXGroup;
			children = (
				642911A42508C373000089DD /* AppDelegate.swift */,
				642911A62508C373000089DD /* SceneDelegate.swift */,
				642911A82508C373000089DD /* ViewController.swift */,
				642911B82508C96A000089DD /* VMMemoViewCell.swift */,
				642911BA2508CA5B000089DD /* VMMemoModel.swift */,
				642911BC2508D9D9000089DD /* VMRecorderManager.swift */,
				642911BE2508FD7F000089DD /* VMLevelPair.swift */,
				642911AA2508C373000089DD /* Main.storyboard */,
				642911AD2508C374000089DD /* Assets.xcassets */,
				642911AF2508C374000089DD /* LaunchScreen.storyboard */,
				642911B22508C374000089DD /* Info.plist */,
			);
			path = VoiceMemo;
			sourceTree = "<group>";
		};
/* End PBXGroup section */

/* Begin PBXNativeTarget section */
		642911A02508C373000089DD /* VoiceMemo */ = {
			isa = PBXNativeTarget;
			buildConfigurationList = 642911B52508C374000089DD /* Build configuration list for PBXNativeTarget "VoiceMemo" */;
			buildPhases = (
				6429119D2508C373000089DD /* Sources */,
				6429119E2508C373000089DD /* Frameworks */,
				6429119F2508C373000089DD /* Resources */,
			);
			buildRules = (
			);
			dependencies = (
			);
			name = VoiceMemo;
			productName = VoiceMemo;
			productReference = 642911A12508C373000089DD /* VoiceMemo.app */;
			productType = "com.apple.product-type.application";
		};
/* End PBXNativeTarget section */

/* Begin PBXProject section */
		642911992508C373000089DD /* Project object */ = {
			isa = PBXProject;
			attributes = {
				CLASSPREFIX = VM;
				LastSwiftUpdateCheck = 1150;
				LastUpgradeCheck = 1150;
				ORGANIZATIONNAME = mazy;
				TargetAttributes = {
					642911A02508C373000089DD = {
						CreatedOnToolsVersion = 11.5;
					};
				};
			};
			buildConfigurationList = 6429119C2508C373000089DD /* Build configuration list for PBXProject "VoiceMemo" */;
			compatibilityVersion = "Xcode 9.3";
			developmentRegion = en;
			hasScannedForEncodings = 0;
			knownRegions = (
				en,
				Base,
			);
			mainGroup = 642911982508C373000089DD;
			productRefGroup = 642911A22508C373000089DD /* Products */;
			projectDirPath = "";
			projectRoot = "";
			targets = (
				642911A02508C373000089DD /* VoiceMemo */,
			);
		};
/* End PBXProject section */

/* Begin PBXResourcesBuildPhase section */
		6429119F2508C373000089DD /* Resources */ = {
			isa = PBXResourcesBuildPhase;
			buildActionMask = 2147483647;
			files = (
				642911B12508C374000089DD /* LaunchScreen.storyboard in Resources */,
				642911AE2508C374000089DD /* Assets.xcassets in Resources */,
				642911AC2508C373000089DD /* Main.storyboard in Resources */,
			);
			runOnlyForDeploymentPostprocessing = 0;
		};
/* End PBXResourcesBuildPhase section */

/* Begin PBXSourcesBuildPhase section */
		6429119D2508C373000089DD /* Sources */ = {
			isa = PBXSourcesBuildPhase;
			buildActionMask = 2147483647;
			files = (
				642911BF2508FD7F000089DD /* VMLevelPair.swift in Sources */,
				642911A92508C373000089DD /* ViewController.swift in Sources */,
				642911A52508C373000089DD /* AppDelegate.swift in Sources */,
				642911A72508C373000089DD /* SceneDelegate.swift in Sources */,
				642911B92508C96A000089DD /* VMMemoViewCell.swift in Sources */,
				642911BD2508D9D9000089DD /* VMRecorderManager.swift in Sources */,
				642911BB2508CA5B000089DD /* VMMemoModel.swift in Sources */,
			);
			runOnlyForDeploymentPostprocessing = 0;
		};
/* End PBXSourcesBuildPhase section */

/* Begin PBXVariantGroup section */
		642911AA2508C373000089DD /* Main.storyboard */ = {
			isa = PBXVariantGroup;
			children = (
				642911AB2508C373000089DD /* Base */,
			);
			name = Main.storyboard;
			sourceTree = "<group>";
		};
		642911AF2508C374000089DD /* LaunchScreen.storyboard */ = {
			isa = PBXVariantGroup;
			children = (
				642911B02508C374000089DD /* Base */,
			);
			name = LaunchScreen.storyboard;
			sourceTree = "<group>";
		};
/* End PBXVariantGroup section */

/* Begin XCBuildConfiguration section */
		642911B32508C374000089DD /* Debug */ = {
			isa = XCBuildConfiguration;
			buildSettings = {
				ALWAYS_SEARCH_USER_PATHS = NO;
				CLANG_ANALYZER_NONNULL = YES;
				CLANG_ANALYZER_NUMBER_OBJECT_CONVERSION = YES_AGGRESSIVE;
				CLANG_CXX_LANGUAGE_STANDARD = "gnu++14";
				CLANG_CXX_LIBRARY = "libc++";
				CLANG_ENABLE_MODULES = YES;
				CLANG_ENABLE_OBJC_ARC = YES;
				CLANG_ENABLE_OBJC_WEAK = YES;
				CLANG_WARN_BLOCK_CAPTURE_AUTORELEASING = YES;
				CLANG_WARN_BOOL_CONVERSION = YES;
				CLANG_WARN_COMMA = YES;
				CLANG_WARN_CONSTANT_CONVERSION = YES;
				CLANG_WARN_DEPRECATED_OBJC_IMPLEMENTATIONS = YES;
				CLANG_WARN_DIRECT_OBJC_ISA_USAGE = YES_ERROR;
				CLANG_WARN_DOCUMENTATION_COMMENTS = YES;
				CLANG_WARN_EMPTY_BODY = YES;
				CLANG_WARN_ENUM_CONVERSION = YES;
				CLANG_WARN_INFINITE_RECURSION = YES;
				CLANG_WARN_INT_CONVERSION = YES;
				CLANG_WARN_NON_LITERAL_NULL_CONVERSION = YES;
				CLANG_WARN_OBJC_IMPLICIT_RETAIN_SELF = YES;
				CLANG_WARN_OBJC_LITERAL_CONVERSION = YES;
				CLANG_WARN_OBJC_ROOT_CLASS = YES_ERROR;
				CLANG_WARN_RANGE_LOOP_ANALYSIS = YES;
				CLANG_WARN_STRICT_PROTOTYPES = YES;
				CLANG_WARN_SUSPICIOUS_MOVE = YES;
				CLANG_WARN_UNGUARDED_AVAILABILITY = YES_AGGRESSIVE;
				CLANG_WARN_UNREACHABLE_CODE = YES;
				CLANG_WARN__DUPLICATE_METHOD_MATCH = YES;
				COPY_PHASE_STRIP = NO;
				DEBUG_INFORMATION_FORMAT = dwarf;
				ENABLE_STRICT_OBJC_MSGSEND = YES;
				ENABLE_TESTABILITY = YES;
				GCC_C_LANGUAGE_STANDARD = gnu11;
				GCC_DYNAMIC_NO_PIC = NO;
				GCC_NO_COMMON_BLOCKS = YES;
				GCC_OPTIMIZATION_LEVEL = 0;
				GCC_PREPROCESSOR_DEFINITIONS = (
					"DEBUG=1",
					"$(inherited)",
				);
				GCC_WARN_64_TO_32_BIT_CONVERSION = YES;
				GCC_WARN_ABOUT_RETURN_TYPE = YES_ERROR;
				GCC_WARN_UNDECLARED_SELECTOR = YES;
				GCC_WARN_UNINITIALIZED_AUTOS = YES_AGGRESSIVE;
				GCC_WARN_UNUSED_FUNCTION = YES;
				GCC_WARN_UNUSED_VARIABLE = YES;
				IPHONEOS_DEPLOYMENT_TARGET = 13.5;
				MTL_ENABLE_DEBUG_INFO = INCLUDE_SOURCE;
				MTL_FAST_MATH = YES;
				ONLY_ACTIVE_ARCH = YES;
				SDKROOT = iphoneos;
				SWIFT_ACTIVE_COMPILATION_CONDITIONS = DEBUG;
				SWIFT_OPTIMIZATION_LEVEL = "-Onone";
			};
			name = Debug;
		};
		642911B42508C374000089DD /* Release */ = {
			isa = XCBuildConfiguration;
			buildSettings = {
				ALWAYS_SEARCH_USER_PATHS = NO;
				CLANG_ANALYZER_NONNULL = YES;
				CLANG_ANALYZER_NUMBER_OBJECT_CONVERSION = YES_AGGRESSIVE;
				CLANG_CXX_LANGUAGE_STANDARD = "gnu++14";
				CLANG_CXX_LIBRARY = "libc++";
				CLANG_ENABLE_MODULES = YES;
				CLANG_ENABLE_OBJC_ARC = YES;
				CLANG_ENABLE_OBJC_WEAK = YES;
				CLANG_WARN_BLOCK_CAPTURE_AUTORELEASING = YES;
				CLANG_WARN_BOOL_CONVERSION = YES;
				CLANG_WARN_COMMA = YES;
				CLANG_WARN_CONSTANT_CONVERSION = YES;
				CLANG_WARN_DEPRECATED_OBJC_IMPLEMENTATIONS = YES;
				CLANG_WARN_DIRECT_OBJC_ISA_USAGE = YES_ERROR;
				CLANG_WARN_DOCUMENTATION_COMMENTS = YES;
				CLANG_WARN_EMPTY_BODY = YES;
				CLANG_WARN_ENUM_CONVERSION = YES;
				CLANG_WARN_INFINITE_RECURSION = YES;
				CLANG_WARN_INT_CONVERSION = YES;
				CLANG_WARN_NON_LITERAL_NULL_CONVERSION = YES;
				CLANG_WARN_OBJC_IMPLICIT_RETAIN_SELF = YES;
				CLANG_WARN_OBJC_LITERAL_CONVERSION = YES;
				CLANG_WARN_OBJC_ROOT_CLASS = YES_ERROR;
				CLANG_WARN_RANGE_LOOP_ANALYSIS = YES;
				CLANG_WARN_STRICT_PROTOTYPES = YES;
				CLANG_WARN_SUSPICIOUS_MOVE = YES;
				CLANG_WARN_UNGUARDED_AVAILABILITY = YES_AGGRESSIVE;
				CLANG_WARN_UNREACHABLE_CODE = YES;
				CLANG_WARN__DUPLICATE_METHOD_MATCH = YES;
				COPY_PHASE_STRIP = NO;
				DEBUG_INFORMATION_FORMAT = "dwarf-with-dsym";
				ENABLE_NS_ASSERTIONS = NO;
				ENABLE_STRICT_OBJC_MSGSEND = YES;
				GCC_C_LANGUAGE_STANDARD = gnu11;
				GCC_NO_COMMON_BLOCKS = YES;
				GCC_WARN_64_TO_32_BIT_CONVERSION = YES;
				GCC_WARN_ABOUT_RETURN_TYPE = YES_ERROR;
				GCC_WARN_UNDECLARED_SELECTOR = YES;
				GCC_WARN_UNINITIALIZED_AUTOS = YES_AGGRESSIVE;
				GCC_WARN_UNUSED_FUNCTION = YES;
				GCC_WARN_UNUSED_VARIABLE = YES;
				IPHONEOS_DEPLOYMENT_TARGET = 13.5;
				MTL_ENABLE_DEBUG_INFO = NO;
				MTL_FAST_MATH = YES;
				SDKROOT = iphoneos;
				SWIFT_COMPILATION_MODE = wholemodule;
				SWIFT_OPTIMIZATION_LEVEL = "-O";
				VALIDATE_PRODUCT = YES;
			};
			name = Release;
		};
		642911B62508C374000089DD /* Debug */ = {
			isa = XCBuildConfiguration;
			buildSettings = {
				ASSETCATALOG_COMPILER_APPICON_NAME = AppIcon;
				CODE_SIGN_STYLE = Automatic;
				DEVELOPMENT_TEAM = KQ4CS767WC;
				INFOPLIST_FILE = VoiceMemo/Info.plist;
				LD_RUNPATH_SEARCH_PATHS = (
					"$(inherited)",
					"@executable_path/Frameworks",
				);
				PRODUCT_BUNDLE_IDENTIFIER = com.app.VoiceMemo;
				PRODUCT_NAME = "$(TARGET_NAME)";
				SWIFT_VERSION = 5.0;
				TARGETED_DEVICE_FAMILY = "1,2";
			};
			name = Debug;
		};
		642911B72508C374000089DD /* Release */ = {
			isa = XCBuildConfiguration;
			buildSettings = {
				ASSETCATALOG_COMPILER_APPICON_NAME = AppIcon;
				CODE_SIGN_STYLE = Automatic;
				DEVELOPMENT_TEAM = KQ4CS767WC;
				INFOPLIST_FILE = VoiceMemo/Info.plist;
				LD_RUNPATH_SEARCH_PATHS = (
					"$(inherited)",
					"@executable_path/Frameworks",
				);
				PRODUCT_BUNDLE_IDENTIFIER = com.app.VoiceMemo;
				PRODUCT_NAME = "$(TARGET_NAME)";
				SWIFT_VERSION = 5.0;
				TARGETED_DEVICE_FAMILY = "1,2";
			};
			name = Release;
		};
/* End XCBuildConfiguration section */

/* Begin XCConfigurationList section */
		6429119C2508C373000089DD /* Build configuration list for PBXProject "VoiceMemo" */ = {
			isa = XCConfigurationList;
			buildConfigurations = (
				642911B32508C374000089DD /* Debug */,
				642911B42508C374000089DD /* Release */,
			);
			defaultConfigurationIsVisible = 0;
			defaultConfigurationName = Release;
		};
		642911B52508C374000089DD /* Build configuration list for PBXNativeTarget "VoiceMemo" */ = {
			isa = XCConfigurationList;
			buildConfigurations = (
				642911B62508C374000089DD /* Debug */,
				642911B72508C374000089DD /* Release */,
			);
			defaultConfigurationIsVisible = 0;
			defaultConfigurationName = Release;
		};
/* End XCConfigurationList section */
	};
	rootObject = 642911992508C373000089DD /* Project object */;
}
